// !$*UTF8*$!
{
	archiveVersion = 1;
	classes = {
	};
	objectVersion = 46;
	objects = {

/* Begin PBXBuildFile section */
		3197A2891CF29E3A000A5DA0 /* FCBCurrencyService.swift in Sources */ = {isa = PBXBuildFile; fileRef = 3197A2871CF29E3A000A5DA0 /* FCBCurrencyService.swift */; };
		3197A28A1CF29E3A000A5DA0 /* FCBQuote.swift in Sources */ = {isa = PBXBuildFile; fileRef = 3197A2881CF29E3A000A5DA0 /* FCBQuote.swift */; };
		31F008AA1C92447C008C36F3 /* AppDelegate.swift in Sources */ = {isa = PBXBuildFile; fileRef = 31F008A91C92447C008C36F3 /* AppDelegate.swift */; };
		31F008AC1C92447C008C36F3 /* ViewController.swift in Sources */ = {isa = PBXBuildFile; fileRef = 31F008AB1C92447C008C36F3 /* ViewController.swift */; };
		31F008AF1C92447C008C36F3 /* Main.storyboard in Resources */ = {isa = PBXBuildFile; fileRef = 31F008AD1C92447C008C36F3 /* Main.storyboard */; };
		31F008B11C92447C008C36F3 /* Assets.xcassets in Resources */ = {isa = PBXBuildFile; fileRef = 31F008B01C92447C008C36F3 /* Assets.xcassets */; };
		31F008B41C92447C008C36F3 /* LaunchScreen.storyboard in Resources */ = {isa = PBXBuildFile; fileRef = 31F008B21C92447C008C36F3 /* LaunchScreen.storyboard */; };
		31F008BF1C92447C008C36F3 /* FCBCurrencyServiceTests.swift in Sources */ = {isa = PBXBuildFile; fileRef = 31F008BE1C92447C008C36F3 /* FCBCurrencyServiceTests.swift */; };
/* End PBXBuildFile section */

/* Begin PBXContainerItemProxy section */
		31F008BB1C92447C008C36F3 /* PBXContainerItemProxy */ = {
			isa = PBXContainerItemProxy;
			containerPortal = 31F0089E1C92447C008C36F3 /* Project object */;
			proxyType = 1;
			remoteGlobalIDString = 31F008A51C92447C008C36F3;
			remoteInfo = FCBCurrencyService;
		};
/* End PBXContainerItemProxy section */

/* Begin PBXFileReference section */
		3197A2871CF29E3A000A5DA0 /* FCBCurrencyService.swift */ = {isa = PBXFileReference; fileEncoding = 4; lastKnownFileType = sourcecode.swift; name = FCBCurrencyService.swift; path = ../../Library/FCBCurrencyService.swift; sourceTree = "<group>"; };
		3197A2881CF29E3A000A5DA0 /* FCBQuote.swift */ = {isa = PBXFileReference; fileEncoding = 4; lastKnownFileType = sourcecode.swift; name = FCBQuote.swift; path = ../../Library/FCBQuote.swift; sourceTree = "<group>"; };
		31F008A61C92447C008C36F3 /* FCBCurrencyService.app */ = {isa = PBXFileReference; explicitFileType = wrapper.application; includeInIndex = 0; path = FCBCurrencyService.app; sourceTree = BUILT_PRODUCTS_DIR; };
		31F008A91C92447C008C36F3 /* AppDelegate.swift */ = {isa = PBXFileReference; lastKnownFileType = sourcecode.swift; path = AppDelegate.swift; sourceTree = "<group>"; };
		31F008AB1C92447C008C36F3 /* ViewController.swift */ = {isa = PBXFileReference; lastKnownFileType = sourcecode.swift; path = ViewController.swift; sourceTree = "<group>"; };
		31F008AE1C92447C008C36F3 /* Base */ = {isa = PBXFileReference; lastKnownFileType = file.storyboard; name = Base; path = Base.lproj/Main.storyboard; sourceTree = "<group>"; };
		31F008B01C92447C008C36F3 /* Assets.xcassets */ = {isa = PBXFileReference; lastKnownFileType = folder.assetcatalog; path = Assets.xcassets; sourceTree = "<group>"; };
		31F008B31C92447C008C36F3 /* Base */ = {isa = PBXFileReference; lastKnownFileType = file.storyboard; name = Base; path = Base.lproj/LaunchScreen.storyboard; sourceTree = "<group>"; };
		31F008B51C92447C008C36F3 /* Info.plist */ = {isa = PBXFileReference; lastKnownFileType = text.plist.xml; path = Info.plist; sourceTree = "<group>"; };
		31F008BA1C92447C008C36F3 /* FCBCurrencyServiceTests.xctest */ = {isa = PBXFileReference; explicitFileType = wrapper.cfbundle; includeInIndex = 0; path = FCBCurrencyServiceTests.xctest; sourceTree = BUILT_PRODUCTS_DIR; };
		31F008BE1C92447C008C36F3 /* FCBCurrencyServiceTests.swift */ = {isa = PBXFileReference; lastKnownFileType = sourcecode.swift; path = FCBCurrencyServiceTests.swift; sourceTree = "<group>"; };
		31F008C01C92447C008C36F3 /* Info.plist */ = {isa = PBXFileReference; lastKnownFileType = text.plist.xml; path = Info.plist; sourceTree = "<group>"; };
/* End PBXFileReference section */

/* Begin PBXFrameworksBuildPhase section */
		31F008A31C92447C008C36F3 /* Frameworks */ = {
			isa = PBXFrameworksBuildPhase;
			buildActionMask = 2147483647;
			files = (
			);
			runOnlyForDeploymentPostprocessing = 0;
		};
		31F008B71C92447C008C36F3 /* Frameworks */ = {
			isa = PBXFrameworksBuildPhase;
			buildActionMask = 2147483647;
			files = (
			);
			runOnlyForDeploymentPostprocessing = 0;
		};
/* End PBXFrameworksBuildPhase section */

/* Begin PBXGroup section */
		31D5D4541C93ACEF004EB144 /* Service */ = {
			isa = PBXGroup;
			children = (
				3197A2871CF29E3A000A5DA0 /* FCBCurrencyService.swift */,
				3197A2881CF29E3A000A5DA0 /* FCBQuote.swift */,
			);
			name = Service;
			sourceTree = "<group>";
		};
		31D5D4551C93ACFB004EB144 /* SupportingFiles */ = {
			isa = PBXGroup;
			children = (
				31F008AD1C92447C008C36F3 /* Main.storyboard */,
				31F008B01C92447C008C36F3 /* Assets.xcassets */,
				31F008B21C92447C008C36F3 /* LaunchScreen.storyboard */,
				31F008B51C92447C008C36F3 /* Info.plist */,
			);
			name = SupportingFiles;
			sourceTree = "<group>";
		};
		31F0089D1C92447C008C36F3 = {
			isa = PBXGroup;
			children = (
				31F008A81C92447C008C36F3 /* FCBCurrencyService */,
				31F008BD1C92447C008C36F3 /* FCBCurrencyServiceTests */,
				31F008A71C92447C008C36F3 /* Products */,
			);
			sourceTree = "<group>";
		};
		31F008A71C92447C008C36F3 /* Products */ = {
			isa = PBXGroup;
			children = (
				31F008A61C92447C008C36F3 /* FCBCurrencyService.app */,
				31F008BA1C92447C008C36F3 /* FCBCurrencyServiceTests.xctest */,
			);
			name = Products;
			sourceTree = "<group>";
		};
		31F008A81C92447C008C36F3 /* FCBCurrencyService */ = {
			isa = PBXGroup;
			children = (
				31F008A91C92447C008C36F3 /* AppDelegate.swift */,
				31F008AB1C92447C008C36F3 /* ViewController.swift */,
				31D5D4541C93ACEF004EB144 /* Service */,
				31D5D4551C93ACFB004EB144 /* SupportingFiles */,
			);
			path = FCBCurrencyService;
			sourceTree = "<group>";
		};
		31F008BD1C92447C008C36F3 /* FCBCurrencyServiceTests */ = {
			isa = PBXGroup;
			children = (
				31F008BE1C92447C008C36F3 /* FCBCurrencyServiceTests.swift */,
				31F008C01C92447C008C36F3 /* Info.plist */,
			);
			path = FCBCurrencyServiceTests;
			sourceTree = "<group>";
		};
/* End PBXGroup section */

/* Begin PBXNativeTarget section */
		31F008A51C92447C008C36F3 /* FCBCurrencyService */ = {
			isa = PBXNativeTarget;
			buildConfigurationList = 31F008C31C92447C008C36F3 /* Build configuration list for PBXNativeTarget "FCBCurrencyService" */;
			buildPhases = (
				31F008A21C92447C008C36F3 /* Sources */,
				31F008A31C92447C008C36F3 /* Frameworks */,
				31F008A41C92447C008C36F3 /* Resources */,
			);
			buildRules = (
			);
			dependencies = (
			);
			name = FCBCurrencyService;
			productName = FCBCurrencyService;
			productReference = 31F008A61C92447C008C36F3 /* FCBCurrencyService.app */;
			productType = "com.apple.product-type.application";
		};
		31F008B91C92447C008C36F3 /* FCBCurrencyServiceTests */ = {
			isa = PBXNativeTarget;
			buildConfigurationList = 31F008C61C92447C008C36F3 /* Build configuration list for PBXNativeTarget "FCBCurrencyServiceTests" */;
			buildPhases = (
				31F008B61C92447C008C36F3 /* Sources */,
				31F008B71C92447C008C36F3 /* Frameworks */,
				31F008B81C92447C008C36F3 /* Resources */,
			);
			buildRules = (
			);
			dependencies = (
				31F008BC1C92447C008C36F3 /* PBXTargetDependency */,
			);
			name = FCBCurrencyServiceTests;
			productName = FCBCurrencyServiceTests;
			productReference = 31F008BA1C92447C008C36F3 /* FCBCurrencyServiceTests.xctest */;
			productType = "com.apple.product-type.bundle.unit-test";
		};
/* End PBXNativeTarget section */

/* Begin PBXProject section */
		31F0089E1C92447C008C36F3 /* Project object */ = {
			isa = PBXProject;
			attributes = {
				LastSwiftUpdateCheck = 0720;
				LastUpgradeCheck = 0800;
				ORGANIZATIONNAME = iDevzilla;
				TargetAttributes = {
					31F008A51C92447C008C36F3 = {
						CreatedOnToolsVersion = 7.2.1;
						LastSwiftMigration = 0800;
					};
					31F008B91C92447C008C36F3 = {
						CreatedOnToolsVersion = 7.2.1;
						LastSwiftMigration = 0800;
						TestTargetID = 31F008A51C92447C008C36F3;
					};
				};
			};
			buildConfigurationList = 31F008A11C92447C008C36F3 /* Build configuration list for PBXProject "FCBCurrencyService" */;
			compatibilityVersion = "Xcode 3.2";
			developmentRegion = English;
			hasScannedForEncodings = 0;
			knownRegions = (
				en,
				Base,
			);
			mainGroup = 31F0089D1C92447C008C36F3;
			productRefGroup = 31F008A71C92447C008C36F3 /* Products */;
			projectDirPath = "";
			projectRoot = "";
			targets = (
				31F008A51C92447C008C36F3 /* FCBCurrencyService */,
				31F008B91C92447C008C36F3 /* FCBCurrencyServiceTests */,
			);
		};
/* End PBXProject section */

/* Begin PBXResourcesBuildPhase section */
		31F008A41C92447C008C36F3 /* Resources */ = {
			isa = PBXResourcesBuildPhase;
			buildActionMask = 2147483647;
			files = (
				31F008B41C92447C008C36F3 /* LaunchScreen.storyboard in Resources */,
				31F008B11C92447C008C36F3 /* Assets.xcassets in Resources */,
				31F008AF1C92447C008C36F3 /* Main.storyboard in Resources */,
			);
			runOnlyForDeploymentPostprocessing = 0;
		};
		31F008B81C92447C008C36F3 /* Resources */ = {
			isa = PBXResourcesBuildPhase;
			buildActionMask = 2147483647;
			files = (
			);
			runOnlyForDeploymentPostprocessing = 0;
		};
/* End PBXResourcesBuildPhase section */

/* Begin PBXSourcesBuildPhase section */
		31F008A21C92447C008C36F3 /* Sources */ = {
			isa = PBXSourcesBuildPhase;
			buildActionMask = 2147483647;
			files = (
				31F008AC1C92447C008C36F3 /* ViewController.swift in Sources */,
				3197A2891CF29E3A000A5DA0 /* FCBCurrencyService.swift in Sources */,
				3197A28A1CF29E3A000A5DA0 /* FCBQuote.swift in Sources */,
				31F008AA1C92447C008C36F3 /* AppDelegate.swift in Sources */,
			);
			runOnlyForDeploymentPostprocessing = 0;
		};
		31F008B61C92447C008C36F3 /* Sources */ = {
			isa = PBXSourcesBuildPhase;
			buildActionMask = 2147483647;
			files = (
				31F008BF1C92447C008C36F3 /* FCBCurrencyServiceTests.swift in Sources */,
			);
			runOnlyForDeploymentPostprocessing = 0;
		};
/* End PBXSourcesBuildPhase section */

/* Begin PBXTargetDependency section */
		31F008BC1C92447C008C36F3 /* PBXTargetDependency */ = {
			isa = PBXTargetDependency;
			target = 31F008A51C92447C008C36F3 /* FCBCurrencyService */;
			targetProxy = 31F008BB1C92447C008C36F3 /* PBXContainerItemProxy */;
		};
/* End PBXTargetDependency section */

/* Begin PBXVariantGroup section */
		31F008AD1C92447C008C36F3 /* Main.storyboard */ = {
			isa = PBXVariantGroup;
			children = (
				31F008AE1C92447C008C36F3 /* Base */,
			);
			name = Main.storyboard;
			sourceTree = "<group>";
		};
		31F008B21C92447C008C36F3 /* LaunchScreen.storyboard */ = {
			isa = PBXVariantGroup;
			children = (
				31F008B31C92447C008C36F3 /* Base */,
			);
			name = LaunchScreen.storyboard;
			sourceTree = "<group>";
		};
/* End PBXVariantGroup section */

/* Begin XCBuildConfiguration section */
		31F008C11C92447C008C36F3 /* Debug */ = {
			isa = XCBuildConfiguration;
			buildSettings = {
				ALWAYS_SEARCH_USER_PATHS = NO;
				CLANG_CXX_LANGUAGE_STANDARD = "gnu++0x";
				CLANG_CXX_LIBRARY = "libc++";
				CLANG_ENABLE_MODULES = YES;
				CLANG_ENABLE_OBJC_ARC = YES;
				CLANG_WARN_BOOL_CONVERSION = YES;
				CLANG_WARN_CONSTANT_CONVERSION = YES;
				CLANG_WARN_DIRECT_OBJC_ISA_USAGE = YES_ERROR;
				CLANG_WARN_EMPTY_BODY = YES;
				CLANG_WARN_ENUM_CONVERSION = YES;
				CLANG_WARN_INFINITE_RECURSION = YES;
				CLANG_WARN_INT_CONVERSION = YES;
				CLANG_WARN_OBJC_ROOT_CLASS = YES_ERROR;
				CLANG_WARN_SUSPICIOUS_MOVE = YES;
				CLANG_WARN_UNREACHABLE_CODE = YES;
				CLANG_WARN__DUPLICATE_METHOD_MATCH = YES;
				"CODE_SIGN_IDENTITY[sdk=iphoneos*]" = "iPhone Developer";
				COPY_PHASE_STRIP = NO;
				DEBUG_INFORMATION_FORMAT = dwarf;
				ENABLE_STRICT_OBJC_MSGSEND = YES;
				ENABLE_TESTABILITY = YES;
				GCC_C_LANGUAGE_STANDARD = gnu99;
				GCC_DYNAMIC_NO_PIC = NO;
				GCC_NO_COMMON_BLOCKS = YES;
				GCC_OPTIMIZATION_LEVEL = 0;
				GCC_PREPROCESSOR_DEFINITIONS = (
					"DEBUG=1",
					"$(inherited)",
				);
				GCC_WARN_64_TO_32_BIT_CONVERSION = YES;
				GCC_WARN_ABOUT_RETURN_TYPE = YES_ERROR;
				GCC_WARN_UNDECLARED_SELECTOR = YES;
				GCC_WARN_UNINITIALIZED_AUTOS = YES_AGGRESSIVE;
				GCC_WARN_UNUSED_FUNCTION = YES;
				GCC_WARN_UNUSED_VARIABLE = YES;
				IPHONEOS_DEPLOYMENT_TARGET = 9.2;
				MTL_ENABLE_DEBUG_INFO = YES;
				ONLY_ACTIVE_ARCH = YES;
				SDKROOT = iphoneos;
				SWIFT_OPTIMIZATION_LEVEL = "-Onone";
				TARGETED_DEVICE_FAMILY = "1,2";
			};
			name = Debug;
		};
		31F008C21C92447C008C36F3 /* Release */ = {
			isa = XCBuildConfiguration;
			buildSettings = {
				ALWAYS_SEARCH_USER_PATHS = NO;
				CLANG_CXX_LANGUAGE_STANDARD = "gnu++0x";
				CLANG_CXX_LIBRARY = "libc++";
				CLANG_ENABLE_MODULES = YES;
				CLANG_ENABLE_OBJC_ARC = YES;
				CLANG_WARN_BOOL_CONVERSION = YES;
				CLANG_WARN_CONSTANT_CONVERSION = YES;
				CLANG_WARN_DIRECT_OBJC_ISA_USAGE = YES_ERROR;
				CLANG_WARN_EMPTY_BODY = YES;
				CLANG_WARN_ENUM_CONVERSION = YES;
				CLANG_WARN_INFINITE_RECURSION = YES;
				CLANG_WARN_INT_CONVERSION = YES;
				CLANG_WARN_OBJC_ROOT_CLASS = YES_ERROR;
				CLANG_WARN_SUSPICIOUS_MOVE = YES;
				CLANG_WARN_UNREACHABLE_CODE = YES;
				CLANG_WARN__DUPLICATE_METHOD_MATCH = YES;
				"CODE_SIGN_IDENTITY[sdk=iphoneos*]" = "iPhone Developer";
				COPY_PHASE_STRIP = NO;
				DEBUG_INFORMATION_FORMAT = "dwarf-with-dsym";
				ENABLE_NS_ASSERTIONS = NO;
				ENABLE_STRICT_OBJC_MSGSEND = YES;
				GCC_C_LANGUAGE_STANDARD = gnu99;
				GCC_NO_COMMON_BLOCKS = YES;
				GCC_WARN_64_TO_32_BIT_CONVERSION = YES;
				GCC_WARN_ABOUT_RETURN_TYPE = YES_ERROR;
				GCC_WARN_UNDECLARED_SELECTOR = YES;
				GCC_WARN_UNINITIALIZED_AUTOS = YES_AGGRESSIVE;
				GCC_WARN_UNUSED_FUNCTION = YES;
				GCC_WARN_UNUSED_VARIABLE = YES;
				IPHONEOS_DEPLOYMENT_TARGET = 9.2;
				MTL_ENABLE_DEBUG_INFO = NO;
				SDKROOT = iphoneos;
				SWIFT_OPTIMIZATION_LEVEL = "-Owholemodule";
				TARGETED_DEVICE_FAMILY = "1,2";
				VALIDATE_PRODUCT = YES;
			};
			name = Release;
		};
		31F008C41C92447C008C36F3 /* Debug */ = {
			isa = XCBuildConfiguration;
			buildSettings = {
				ASSETCATALOG_COMPILER_APPICON_NAME = AppIcon;
				INFOPLIST_FILE = FCBCurrencyService/Info.plist;
				LD_RUNPATH_SEARCH_PATHS = "$(inherited) @executable_path/Frameworks";
				PRODUCT_BUNDLE_IDENTIFIER = com.idevzilla.FCBCurrencyService;
				PRODUCT_NAME = "$(TARGET_NAME)";
				SWIFT_VERSION = 3.0;
			};
			name = Debug;
		};
		31F008C51C92447C008C36F3 /* Release */ = {
			isa = XCBuildConfiguration;
			buildSettings = {
				ASSETCATALOG_COMPILER_APPICON_NAME = AppIcon;
				INFOPLIST_FILE = FCBCurrencyService/Info.plist;
				LD_RUNPATH_SEARCH_PATHS = "$(inherited) @executable_path/Frameworks";
				PRODUCT_BUNDLE_IDENTIFIER = com.idevzilla.FCBCurrencyService;
				PRODUCT_NAME = "$(TARGET_NAME)";
				SWIFT_VERSION = 3.0;
			};
			name = Release;
		};
		31F008C71C92447C008C36F3 /* Debug */ = {
			isa = XCBuildConfiguration;
			buildSettings = {
				BUNDLE_LOADER = "$(TEST_HOST)";
				INFOPLIST_FILE = FCBCurrencyServiceTests/Info.plist;
				LD_RUNPATH_SEARCH_PATHS = "$(inherited) @executable_path/Frameworks @loader_path/Frameworks";
				PRODUCT_BUNDLE_IDENTIFIER = com.idevzilla.FCBCurrencyServiceTests;
				PRODUCT_NAME = "$(TARGET_NAME)";
				SWIFT_VERSION = 3.0;
				TEST_HOST = "$(BUILT_PRODUCTS_DIR)/FCBCurrencyService.app/FCBCurrencyService";
			};
			name = Debug;
		};
		31F008C81C92447C008C36F3 /* Release */ = {
			isa = XCBuildConfiguration;
			buildSettings = {
				BUNDLE_LOADER = "$(TEST_HOST)";
				INFOPLIST_FILE = FCBCurrencyServiceTests/Info.plist;
				LD_RUNPATH_SEARCH_PATHS = "$(inherited) @executable_path/Frameworks @loader_path/Frameworks";
				PRODUCT_BUNDLE_IDENTIFIER = com.idevzilla.FCBCurrencyServiceTests;
				PRODUCT_NAME = "$(TARGET_NAME)";
				SWIFT_VERSION = 3.0;
				TEST_HOST = "$(BUILT_PRODUCTS_DIR)/FCBCurrencyService.app/FCBCurrencyService";
			};
			name = Release;
		};
/* End XCBuildConfiguration section */

/* Begin XCConfigurationList section */
		31F008A11C92447C008C36F3 /* Build configuration list for PBXProject "FCBCurrencyService" */ = {
			isa = XCConfigurationList;
			buildConfigurations = (
				31F008C11C92447C008C36F3 /* Debug */,
				31F008C21C92447C008C36F3 /* Release */,
			);
			defaultConfigurationIsVisible = 0;
			defaultConfigurationName = Release;
		};
		31F008C31C92447C008C36F3 /* Build configuration list for PBXNativeTarget "FCBCurrencyService" */ = {
			isa = XCConfigurationList;
			buildConfigurations = (
				31F008C41C92447C008C36F3 /* Debug */,
				31F008C51C92447C008C36F3 /* Release */,
			);
			defaultConfigurationIsVisible = 0;
			defaultConfigurationName = Release;
		};
		31F008C61C92447C008C36F3 /* Build configuration list for PBXNativeTarget "FCBCurrencyServiceTests" */ = {
			isa = XCConfigurationList;
			buildConfigurations = (
				31F008C71C92447C008C36F3 /* Debug */,
				31F008C81C92447C008C36F3 /* Release */,
			);
			defaultConfigurationIsVisible = 0;
			defaultConfigurationName = Release;
		};
/* End XCConfigurationList section */
	};
	rootObject = 31F0089E1C92447C008C36F3 /* Project object */;
}
